// !$*UTF8*$!
{
	archiveVersion = 1;
	classes = {
	};
	objectVersion = 50;
	objects = {

/* Begin PBXBuildFile section */
		286EBBDB237C483600F21B84 /* AppDelegate.swift in Sources */ = {isa = PBXBuildFile; fileRef = 286EBBDA237C483600F21B84 /* AppDelegate.swift */; };
		286EBBDD237C483600F21B84 /* ViewController.swift in Sources */ = {isa = PBXBuildFile; fileRef = 286EBBDC237C483600F21B84 /* ViewController.swift */; };
		286EBBE0237C483600F21B84 /* Main.storyboard in Resources */ = {isa = PBXBuildFile; fileRef = 286EBBDE237C483600F21B84 /* Main.storyboard */; };
		286EBBE2237C483800F21B84 /* Assets.xcassets in Resources */ = {isa = PBXBuildFile; fileRef = 286EBBE1237C483800F21B84 /* Assets.xcassets */; };
		286EBBE5237C483800F21B84 /* LaunchScreen.storyboard in Resources */ = {isa = PBXBuildFile; fileRef = 286EBBE3237C483800F21B84 /* LaunchScreen.storyboard */; };
		286EBBF0237C483800F21B84 /* ArchTouchChallengeTests.swift in Sources */ = {isa = PBXBuildFile; fileRef = 286EBBEF237C483800F21B84 /* ArchTouchChallengeTests.swift */; };
/* End PBXBuildFile section */

/* Begin PBXContainerItemProxy section */
		286EBBEC237C483800F21B84 /* PBXContainerItemProxy */ = {
			isa = PBXContainerItemProxy;
			containerPortal = 286EBBCF237C483500F21B84 /* Project object */;
			proxyType = 1;
			remoteGlobalIDString = 286EBBD6237C483600F21B84;
			remoteInfo = ArchTouchChallenge;
		};
/* End PBXContainerItemProxy section */

/* Begin PBXFileReference section */
		286EBBD7237C483600F21B84 /* ArchTouchChallenge.app */ = {isa = PBXFileReference; explicitFileType = wrapper.application; includeInIndex = 0; path = ArchTouchChallenge.app; sourceTree = BUILT_PRODUCTS_DIR; };
		286EBBDA237C483600F21B84 /* AppDelegate.swift */ = {isa = PBXFileReference; lastKnownFileType = sourcecode.swift; path = AppDelegate.swift; sourceTree = "<group>"; };
		286EBBDC237C483600F21B84 /* ViewController.swift */ = {isa = PBXFileReference; lastKnownFileType = sourcecode.swift; path = ViewController.swift; sourceTree = "<group>"; };
		286EBBDF237C483600F21B84 /* Base */ = {isa = PBXFileReference; lastKnownFileType = file.storyboard; name = Base; path = Base.lproj/Main.storyboard; sourceTree = "<group>"; };
		286EBBE1237C483800F21B84 /* Assets.xcassets */ = {isa = PBXFileReference; lastKnownFileType = folder.assetcatalog; path = Assets.xcassets; sourceTree = "<group>"; };
		286EBBE4237C483800F21B84 /* Base */ = {isa = PBXFileReference; lastKnownFileType = file.storyboard; name = Base; path = Base.lproj/LaunchScreen.storyboard; sourceTree = "<group>"; };
		286EBBE6237C483800F21B84 /* Info.plist */ = {isa = PBXFileReference; lastKnownFileType = text.plist.xml; path = Info.plist; sourceTree = "<group>"; };
		286EBBEB237C483800F21B84 /* ArchTouchChallengeTests.xctest */ = {isa = PBXFileReference; explicitFileType = wrapper.cfbundle; includeInIndex = 0; path = ArchTouchChallengeTests.xctest; sourceTree = BUILT_PRODUCTS_DIR; };
		286EBBEF237C483800F21B84 /* ArchTouchChallengeTests.swift */ = {isa = PBXFileReference; lastKnownFileType = sourcecode.swift; path = ArchTouchChallengeTests.swift; sourceTree = "<group>"; };
		286EBBF1237C483800F21B84 /* Info.plist */ = {isa = PBXFileReference; lastKnownFileType = text.plist.xml; path = Info.plist; sourceTree = "<group>"; };
/* End PBXFileReference section */

/* Begin PBXFrameworksBuildPhase section */
		286EBBD4237C483600F21B84 /* Frameworks */ = {
			isa = PBXFrameworksBuildPhase;
			buildActionMask = 2147483647;
			files = (
			);
			runOnlyForDeploymentPostprocessing = 0;
		};
		286EBBE8237C483800F21B84 /* Frameworks */ = {
			isa = PBXFrameworksBuildPhase;
			buildActionMask = 2147483647;
			files = (
			);
			runOnlyForDeploymentPostprocessing = 0;
		};
/* End PBXFrameworksBuildPhase section */

/* Begin PBXGroup section */
		286EBBCE237C483500F21B84 = {
			isa = PBXGroup;
			children = (
				286EBBD9237C483600F21B84 /* ArchTouchChallenge */,
				286EBBEE237C483800F21B84 /* ArchTouchChallengeTests */,
				286EBBD8237C483600F21B84 /* Products */,
			);
			sourceTree = "<group>";
		};
		286EBBD8237C483600F21B84 /* Products */ = {
			isa = PBXGroup;
			children = (
				286EBBD7237C483600F21B84 /* ArchTouchChallenge.app */,
				286EBBEB237C483800F21B84 /* ArchTouchChallengeTests.xctest */,
			);
			name = Products;
			sourceTree = "<group>";
		};
		286EBBD9237C483600F21B84 /* ArchTouchChallenge */ = {
			isa = PBXGroup;
			children = (
				286EBBDA237C483600F21B84 /* AppDelegate.swift */,
				286EBBDC237C483600F21B84 /* ViewController.swift */,
				286EBBDE237C483600F21B84 /* Main.storyboard */,
				286EBBE1237C483800F21B84 /* Assets.xcassets */,
				286EBBE3237C483800F21B84 /* LaunchScreen.storyboard */,
				286EBBE6237C483800F21B84 /* Info.plist */,
			);
			path = ArchTouchChallenge;
			sourceTree = "<group>";
		};
		286EBBEE237C483800F21B84 /* ArchTouchChallengeTests */ = {
			isa = PBXGroup;
			children = (
				286EBBEF237C483800F21B84 /* ArchTouchChallengeTests.swift */,
				286EBBF1237C483800F21B84 /* Info.plist */,
			);
			path = ArchTouchChallengeTests;
			sourceTree = "<group>";
		};
/* End PBXGroup section */

/* Begin PBXNativeTarget section */
		286EBBD6237C483600F21B84 /* ArchTouchChallenge */ = {
			isa = PBXNativeTarget;
			buildConfigurationList = 286EBBF4237C483800F21B84 /* Build configuration list for PBXNativeTarget "ArchTouchChallenge" */;
			buildPhases = (
				286EBBD3237C483600F21B84 /* Sources */,
				286EBBD4237C483600F21B84 /* Frameworks */,
				286EBBD5237C483600F21B84 /* Resources */,
			);
			buildRules = (
			);
			dependencies = (
			);
			name = ArchTouchChallenge;
			productName = ArchTouchChallenge;
			productReference = 286EBBD7237C483600F21B84 /* ArchTouchChallenge.app */;
			productType = "com.apple.product-type.application";
		};
		286EBBEA237C483800F21B84 /* ArchTouchChallengeTests */ = {
			isa = PBXNativeTarget;
			buildConfigurationList = 286EBBF7237C483800F21B84 /* Build configuration list for PBXNativeTarget "ArchTouchChallengeTests" */;
			buildPhases = (
				286EBBE7237C483800F21B84 /* Sources */,
				286EBBE8237C483800F21B84 /* Frameworks */,
				286EBBE9237C483800F21B84 /* Resources */,
			);
			buildRules = (
			);
			dependencies = (
				286EBBED237C483800F21B84 /* PBXTargetDependency */,
			);
			name = ArchTouchChallengeTests;
			productName = ArchTouchChallengeTests;
			productReference = 286EBBEB237C483800F21B84 /* ArchTouchChallengeTests.xctest */;
			productType = "com.apple.product-type.bundle.unit-test";
		};
/* End PBXNativeTarget section */

/* Begin PBXProject section */
		286EBBCF237C483500F21B84 /* Project object */ = {
			isa = PBXProject;
			attributes = {
				LastSwiftUpdateCheck = 1020;
				LastUpgradeCheck = 1020;
				ORGANIZATIONNAME = "Gustavo Cavalcanti";
				TargetAttributes = {
					286EBBD6237C483600F21B84 = {
						CreatedOnToolsVersion = 10.2.1;
					};
					286EBBEA237C483800F21B84 = {
						CreatedOnToolsVersion = 10.2.1;
						TestTargetID = 286EBBD6237C483600F21B84;
					};
				};
			};
			buildConfigurationList = 286EBBD2237C483500F21B84 /* Build configuration list for PBXProject "ArchTouchChallenge" */;
			compatibilityVersion = "Xcode 9.3";
			developmentRegion = en;
			hasScannedForEncodings = 0;
			knownRegions = (
				en,
				Base,
			);
			mainGroup = 286EBBCE237C483500F21B84;
			productRefGroup = 286EBBD8237C483600F21B84 /* Products */;
			projectDirPath = "";
			projectRoot = "";
			targets = (
				286EBBD6237C483600F21B84 /* ArchTouchChallenge */,
				286EBBEA237C483800F21B84 /* ArchTouchChallengeTests */,
			);
		};
/* End PBXProject section */

/* Begin PBXResourcesBuildPhase section */
		286EBBD5237C483600F21B84 /* Resources */ = {
			isa = PBXResourcesBuildPhase;
			buildActionMask = 2147483647;
			files = (
				286EBBE5237C483800F21B84 /* LaunchScreen.storyboard in Resources */,
				286EBBE2237C483800F21B84 /* Assets.xcassets in Resources */,
				286EBBE0237C483600F21B84 /* Main.storyboard in Resources */,
			);
			runOnlyForDeploymentPostprocessing = 0;
		};
		286EBBE9237C483800F21B84 /* Resources */ = {
			isa = PBXResourcesBuildPhase;
			buildActionMask = 2147483647;
			files = (
			);
			runOnlyForDeploymentPostprocessing = 0;
		};
/* End PBXResourcesBuildPhase section */

/* Begin PBXSourcesBuildPhase section */
		286EBBD3237C483600F21B84 /* Sources */ = {
			isa = PBXSourcesBuildPhase;
			buildActionMask = 2147483647;
			files = (
				286EBBDD237C483600F21B84 /* ViewController.swift in Sources */,
				286EBBDB237C483600F21B84 /* AppDelegate.swift in Sources */,
			);
			runOnlyForDeploymentPostprocessing = 0;
		};
		286EBBE7237C483800F21B84 /* Sources */ = {
			isa = PBXSourcesBuildPhase;
			buildActionMask = 2147483647;
			files = (
				286EBBF0237C483800F21B84 /* ArchTouchChallengeTests.swift in Sources */,
			);
			runOnlyForDeploymentPostprocessing = 0;
		};
/* End PBXSourcesBuildPhase section */

/* Begin PBXTargetDependency section */
		286EBBED237C483800F21B84 /* PBXTargetDependency */ = {
			isa = PBXTargetDependency;
			target = 286EBBD6237C483600F21B84 /* ArchTouchChallenge */;
			targetProxy = 286EBBEC237C483800F21B84 /* PBXContainerItemProxy */;
		};
/* End PBXTargetDependency section */

/* Begin PBXVariantGroup section */
		286EBBDE237C483600F21B84 /* Main.storyboard */ = {
			isa = PBXVariantGroup;
			children = (
				286EBBDF237C483600F21B84 /* Base */,
			);
			name = Main.storyboard;
			sourceTree = "<group>";
		};
		286EBBE3237C483800F21B84 /* LaunchScreen.storyboard */ = {
			isa = PBXVariantGroup;
			children = (
				286EBBE4237C483800F21B84 /* Base */,
			);
			name = LaunchScreen.storyboard;
			sourceTree = "<group>";
		};
/* End PBXVariantGroup section */

/* Begin XCBuildConfiguration section */
		286EBBF2237C483800F21B84 /* Debug */ = {
			isa = XCBuildConfiguration;
			buildSettings = {
				ALWAYS_SEARCH_USER_PATHS = NO;
				CLANG_ANALYZER_NONNULL = YES;
				CLANG_ANALYZER_NUMBER_OBJECT_CONVERSION = YES_AGGRESSIVE;
				CLANG_CXX_LANGUAGE_STANDARD = "gnu++14";
				CLANG_CXX_LIBRARY = "libc++";
				CLANG_ENABLE_MODULES = YES;
				CLANG_ENABLE_OBJC_ARC = YES;
				CLANG_ENABLE_OBJC_WEAK = YES;
				CLANG_WARN_BLOCK_CAPTURE_AUTORELEASING = YES;
				CLANG_WARN_BOOL_CONVERSION = YES;
				CLANG_WARN_COMMA = YES;
				CLANG_WARN_CONSTANT_CONVERSION = YES;
				CLANG_WARN_DEPRECATED_OBJC_IMPLEMENTATIONS = YES;
				CLANG_WARN_DIRECT_OBJC_ISA_USAGE = YES_ERROR;
				CLANG_WARN_DOCUMENTATION_COMMENTS = YES;
				CLANG_WARN_EMPTY_BODY = YES;
				CLANG_WARN_ENUM_CONVERSION = YES;
				CLANG_WARN_INFINITE_RECURSION = YES;
				CLANG_WARN_INT_CONVERSION = YES;
				CLANG_WARN_NON_LITERAL_NULL_CONVERSION = YES;
				CLANG_WARN_OBJC_IMPLICIT_RETAIN_SELF = YES;
				CLANG_WARN_OBJC_LITERAL_CONVERSION = YES;
				CLANG_WARN_OBJC_ROOT_CLASS = YES_ERROR;
				CLANG_WARN_RANGE_LOOP_ANALYSIS = YES;
				CLANG_WARN_STRICT_PROTOTYPES = YES;
				CLANG_WARN_SUSPICIOUS_MOVE = YES;
				CLANG_WARN_UNGUARDED_AVAILABILITY = YES_AGGRESSIVE;
				CLANG_WARN_UNREACHABLE_CODE = YES;
				CLANG_WARN__DUPLICATE_METHOD_MATCH = YES;
				CODE_SIGN_IDENTITY = "iPhone Developer";
				COPY_PHASE_STRIP = NO;
				DEBUG_INFORMATION_FORMAT = dwarf;
				ENABLE_STRICT_OBJC_MSGSEND = YES;
				ENABLE_TESTABILITY = YES;
				GCC_C_LANGUAGE_STANDARD = gnu11;
				GCC_DYNAMIC_NO_PIC = NO;
				GCC_NO_COMMON_BLOCKS = YES;
				GCC_OPTIMIZATION_LEVEL = 0;
				GCC_PREPROCESSOR_DEFINITIONS = (
					"DEBUG=1",
					"$(inherited)",
				);
				GCC_WARN_64_TO_32_BIT_CONVERSION = YES;
				GCC_WARN_ABOUT_RETURN_TYPE = YES_ERROR;
				GCC_WARN_UNDECLARED_SELECTOR = YES;
				GCC_WARN_UNINITIALIZED_AUTOS = YES_AGGRESSIVE;
				GCC_WARN_UNUSED_FUNCTION = YES;
				GCC_WARN_UNUSED_VARIABLE = YES;
				IPHONEOS_DEPLOYMENT_TARGET = 12.2;
				MTL_ENABLE_DEBUG_INFO = INCLUDE_SOURCE;
				MTL_FAST_MATH = YES;
				ONLY_ACTIVE_ARCH = YES;
				SDKROOT = iphoneos;
				SWIFT_ACTIVE_COMPILATION_CONDITIONS = DEBUG;
				SWIFT_OPTIMIZATION_LEVEL = "-Onone";
			};
			name = Debug;
		};
		286EBBF3237C483800F21B84 /* Release */ = {
			isa = XCBuildConfiguration;
			buildSettings = {
				ALWAYS_SEARCH_USER_PATHS = NO;
				CLANG_ANALYZER_NONNULL = YES;
				CLANG_ANALYZER_NUMBER_OBJECT_CONVERSION = YES_AGGRESSIVE;
				CLANG_CXX_LANGUAGE_STANDARD = "gnu++14";
				CLANG_CXX_LIBRARY = "libc++";
				CLANG_ENABLE_MODULES = YES;
				CLANG_ENABLE_OBJC_ARC = YES;
				CLANG_ENABLE_OBJC_WEAK = YES;
				CLANG_WARN_BLOCK_CAPTURE_AUTORELEASING = YES;
				CLANG_WARN_BOOL_CONVERSION = YES;
				CLANG_WARN_COMMA = YES;
				CLANG_WARN_CONSTANT_CONVERSION = YES;
				CLANG_WARN_DEPRECATED_OBJC_IMPLEMENTATIONS = YES;
				CLANG_WARN_DIRECT_OBJC_ISA_USAGE = YES_ERROR;
				CLANG_WARN_DOCUMENTATION_COMMENTS = YES;
				CLANG_WARN_EMPTY_BODY = YES;
				CLANG_WARN_ENUM_CONVERSION = YES;
				CLANG_WARN_INFINITE_RECURSION = YES;
				CLANG_WARN_INT_CONVERSION = YES;
				CLANG_WARN_NON_LITERAL_NULL_CONVERSION = YES;
				CLANG_WARN_OBJC_IMPLICIT_RETAIN_SELF = YES;
				CLANG_WARN_OBJC_LITERAL_CONVERSION = YES;
				CLANG_WARN_OBJC_ROOT_CLASS = YES_ERROR;
				CLANG_WARN_RANGE_LOOP_ANALYSIS = YES;
				CLANG_WARN_STRICT_PROTOTYPES = YES;
				CLANG_WARN_SUSPICIOUS_MOVE = YES;
				CLANG_WARN_UNGUARDED_AVAILABILITY = YES_AGGRESSIVE;
				CLANG_WARN_UNREACHABLE_CODE = YES;
				CLANG_WARN__DUPLICATE_METHOD_MATCH = YES;
				CODE_SIGN_IDENTITY = "iPhone Developer";
				COPY_PHASE_STRIP = NO;
				DEBUG_INFORMATION_FORMAT = "dwarf-with-dsym";
				ENABLE_NS_ASSERTIONS = NO;
				ENABLE_STRICT_OBJC_MSGSEND = YES;
				GCC_C_LANGUAGE_STANDARD = gnu11;
				GCC_NO_COMMON_BLOCKS = YES;
				GCC_WARN_64_TO_32_BIT_CONVERSION = YES;
				GCC_WARN_ABOUT_RETURN_TYPE = YES_ERROR;
				GCC_WARN_UNDECLARED_SELECTOR = YES;
				GCC_WARN_UNINITIALIZED_AUTOS = YES_AGGRESSIVE;
				GCC_WARN_UNUSED_FUNCTION = YES;
				GCC_WARN_UNUSED_VARIABLE = YES;
				IPHONEOS_DEPLOYMENT_TARGET = 12.2;
				MTL_ENABLE_DEBUG_INFO = NO;
				MTL_FAST_MATH = YES;
				SDKROOT = iphoneos;
				SWIFT_COMPILATION_MODE = wholemodule;
				SWIFT_OPTIMIZATION_LEVEL = "-O";
				VALIDATE_PRODUCT = YES;
			};
			name = Release;
		};
		286EBBF5237C483800F21B84 /* Debug */ = {
			isa = XCBuildConfiguration;
			buildSettings = {
				ASSETCATALOG_COMPILER_APPICON_NAME = AppIcon;
				CODE_SIGN_STYLE = Automatic;
				DEVELOPMENT_TEAM = 3JHBN566RQ;
				INFOPLIST_FILE = ArchTouchChallenge/Info.plist;
				LD_RUNPATH_SEARCH_PATHS = (
					"$(inherited)",
					"@executable_path/Frameworks",
				);
				PRODUCT_BUNDLE_IDENTIFIER = gugapc.ArchTouchChallenge;
				PRODUCT_NAME = "$(TARGET_NAME)";
				SWIFT_VERSION = 5.0;
				TARGETED_DEVICE_FAMILY = "1,2";
			};
			name = Debug;
		};
		286EBBF6237C483800F21B84 /* Release */ = {
			isa = XCBuildConfiguration;
			buildSettings = {
				ASSETCATALOG_COMPILER_APPICON_NAME = AppIcon;
				CODE_SIGN_STYLE = Automatic;
				DEVELOPMENT_TEAM = 3JHBN566RQ;
				INFOPLIST_FILE = ArchTouchChallenge/Info.plist;
				LD_RUNPATH_SEARCH_PATHS = (
					"$(inherited)",
					"@executable_path/Frameworks",
				);
				PRODUCT_BUNDLE_IDENTIFIER = gugapc.ArchTouchChallenge;
				PRODUCT_NAME = "$(TARGET_NAME)";
				SWIFT_VERSION = 5.0;
				TARGETED_DEVICE_FAMILY = "1,2";
			};
			name = Release;
		};
		286EBBF8237C483800F21B84 /* Debug */ = {
			isa = XCBuildConfiguration;
			buildSettings = {
				ALWAYS_EMBED_SWIFT_STANDARD_LIBRARIES = YES;
				BUNDLE_LOADER = "$(TEST_HOST)";
				CODE_SIGN_STYLE = Automatic;
				DEVELOPMENT_TEAM = 3JHBN566RQ;
				INFOPLIST_FILE = ArchTouchChallengeTests/Info.plist;
				LD_RUNPATH_SEARCH_PATHS = (
					"$(inherited)",
					"@executable_path/Frameworks",
					"@loader_path/Frameworks",
				);
				PRODUCT_BUNDLE_IDENTIFIER = gugapc.ArchTouchChallengeTests;
				PRODUCT_NAME = "$(TARGET_NAME)";
				SWIFT_VERSION = 5.0;
				TARGETED_DEVICE_FAMILY = "1,2";
				TEST_HOST = "$(BUILT_PRODUCTS_DIR)/ArchTouchChallenge.app/ArchTouchChallenge";
			};
			name = Debug;
		};
		286EBBF9237C483800F21B84 /* Release */ = {
			isa = XCBuildConfiguration;
			buildSettings = {
				ALWAYS_EMBED_SWIFT_STANDARD_LIBRARIES = YES;
				BUNDLE_LOADER = "$(TEST_HOST)";
				CODE_SIGN_STYLE = Automatic;
				DEVELOPMENT_TEAM = 3JHBN566RQ;
				INFOPLIST_FILE = ArchTouchChallengeTests/Info.plist;
				LD_RUNPATH_SEARCH_PATHS = (
					"$(inherited)",
					"@executable_path/Frameworks",
					"@loader_path/Frameworks",
				);
				PRODUCT_BUNDLE_IDENTIFIER = gugapc.ArchTouchChallengeTests;
				PRODUCT_NAME = "$(TARGET_NAME)";
				SWIFT_VERSION = 5.0;
				TARGETED_DEVICE_FAMILY = "1,2";
				TEST_HOST = "$(BUILT_PRODUCTS_DIR)/ArchTouchChallenge.app/ArchTouchChallenge";
			};
			name = Release;
		};
/* End XCBuildConfiguration section */

/* Begin XCConfigurationList section */
		286EBBD2237C483500F21B84 /* Build configuration list for PBXProject "ArchTouchChallenge" */ = {
			isa = XCConfigurationList;
			buildConfigurations = (
				286EBBF2237C483800F21B84 /* Debug */,
				286EBBF3237C483800F21B84 /* Release */,
			);
			defaultConfigurationIsVisible = 0;
			defaultConfigurationName = Release;
		};
		286EBBF4237C483800F21B84 /* Build configuration list for PBXNativeTarget "ArchTouchChallenge" */ = {
			isa = XCConfigurationList;
			buildConfigurations = (
				286EBBF5237C483800F21B84 /* Debug */,
				286EBBF6237C483800F21B84 /* Release */,
			);
			defaultConfigurationIsVisible = 0;
			defaultConfigurationName = Release;
		};
		286EBBF7237C483800F21B84 /* Build configuration list for PBXNativeTarget "ArchTouchChallengeTests" */ = {
			isa = XCConfigurationList;
			buildConfigurations = (
				286EBBF8237C483800F21B84 /* Debug */,
				286EBBF9237C483800F21B84 /* Release */,
			);
			defaultConfigurationIsVisible = 0;
			defaultConfigurationName = Release;
		};
/* End XCConfigurationList section */
	};
	rootObject = 286EBBCF237C483500F21B84 /* Project object */;
}
